
Microsoft Visual Studio Solution File, Format Version 12.00
# Visual Studio Version 17
VisualStudioVersion = 17.2.32526.322
MinimumVisualStudioVersion = 10.0.40219.1
Project("{FAE04EC0-301F-11D3-BF4B-00C04F79EFBC}") = "Test12", "Test12\Test12.csproj", "{F5DE50A6-E90C-4909-8E9F-2E2D5942ACCA}"
EndProject
Global
	GlobalSection(SolutionConfigurationPlatforms) = preSolution
		Debug|Any CPU = Debug|Any CPU
		Release|Any CPU = Release|Any CPU
	EndGlobalSection
	GlobalSection(ProjectConfigurationPlatforms) = postSolution
		{F5DE50A6-E90C-4909-8E9F-2E2D5942ACCA}.Debug|Any CPU.ActiveCfg = Debug|Any CPU
		{F5DE50A6-E90C-4909-8E9F-2E2D5942ACCA}.Debug|Any CPU.Build.0 = Debug|Any CPU
		{F5DE50A6-E90C-4909-8E9F-2E2D5942ACCA}.Release|Any CPU.ActiveCfg = Release|Any CPU
		{F5DE50A6-E90C-4909-8E9F-2E2D5942ACCA}.Release|Any CPU.Build.0 = Release|Any CPU
	EndGlobalSection
	GlobalSection(SolutionProperties) = preSolution
		HideSolutionNode = FALSE
	EndGlobalSection
	GlobalSection(ExtensibilityGlobals) = postSolution
		SolutionGuid = {B7163AFF-F65F-4E4C-981B-C6D0A3368F30}
	EndGlobalSection
EndGlobal
